
Microsoft Visual Studio Solution File, Format Version 12.00
# Visual Studio 15
Project("{FAE04EC0-301F-11D3-BF4B-00C04F79EFBC}") = "Assembly-CSharp", "Assembly-CSharp.csproj", "{90BE9A94-BE1E-247C-73B1-23C506EAD6E4}"
EndProject
Project("{FAE04EC0-301F-11D3-BF4B-00C04F79EFBC}") = "Assembly-CSharp-firstpass", "Assembly-CSharp-firstpass.csproj", "{66AD1D47-23E0-B640-B690-FF1FBFC65217}"
EndProject
Project("{FAE04EC0-301F-11D3-BF4B-00C04F79EFBC}") = "Assembly-CSharp-Editor-firstpass", "Assembly-CSharp-Editor-firstpass.csproj", "{C713E336-19B9-F571-E5CF-02A525B18C77}"
EndProject
Global
	GlobalSection(SolutionConfigurationPlatforms) = preSolution
		Debug|Any CPU = Debug|Any CPU
		Release|Any CPU = Release|Any CPU
	EndGlobalSection
	GlobalSection(ProjectConfigurationPlatforms) = postSolution
		{90BE9A94-BE1E-247C-73B1-23C506EAD6E4}.Debug|Any CPU.ActiveCfg = Debug|Any CPU
		{90BE9A94-BE1E-247C-73B1-23C506EAD6E4}.Debug|Any CPU.Build.0 = Debug|Any CPU
		{90BE9A94-BE1E-247C-73B1-23C506EAD6E4}.Release|Any CPU.ActiveCfg = Release|Any CPU
		{90BE9A94-BE1E-247C-73B1-23C506EAD6E4}.Release|Any CPU.Build.0 = Release|Any CPU
		{66AD1D47-23E0-B640-B690-FF1FBFC65217}.Debug|Any CPU.ActiveCfg = Debug|Any CPU
		{66AD1D47-23E0-B640-B690-FF1FBFC65217}.Debug|Any CPU.Build.0 = Debug|Any CPU
		{66AD1D47-23E0-B640-B690-FF1FBFC65217}.Release|Any CPU.ActiveCfg = Release|Any CPU
		{66AD1D47-23E0-B640-B690-FF1FBFC65217}.Release|Any CPU.Build.0 = Release|Any CPU
		{C713E336-19B9-F571-E5CF-02A525B18C77}.Debug|Any CPU.ActiveCfg = Debug|Any CPU
		{C713E336-19B9-F571-E5CF-02A525B18C77}.Debug|Any CPU.Build.0 = Debug|Any CPU
		{C713E336-19B9-F571-E5CF-02A525B18C77}.Release|Any CPU.ActiveCfg = Release|Any CPU
		{C713E336-19B9-F571-E5CF-02A525B18C77}.Release|Any CPU.Build.0 = Release|Any CPU
	EndGlobalSection
	GlobalSection(SolutionProperties) = preSolution
		HideSolutionNode = FALSE
	EndGlobalSection
EndGlobal
